
Microsoft Visual Studio Solution File, Format Version 12.00
# Visual Studio Version 17
VisualStudioVersion = 17.14.36429.23 d17.14
MinimumVisualStudioVersion = 10.0.40219.1
Project("{FAE04EC0-301F-11D3-BF4B-00C04F79EFBC}") = "NT106_Lab02", "NT106_Lab02.csproj", "{26165387-1D36-4658-B93B-1A1B02F7C2EC}"
EndProject
Global
	GlobalSection(SolutionConfigurationPlatforms) = preSolution
		Debug|Any CPU = Debug|Any CPU
		Release|Any CPU = Release|Any CPU
	EndGlobalSection
	GlobalSection(ProjectConfigurationPlatforms) = postSolution
		{26165387-1D36-4658-B93B-1A1B02F7C2EC}.Debug|Any CPU.ActiveCfg = Debug|Any CPU
		{26165387-1D36-4658-B93B-1A1B02F7C2EC}.Debug|Any CPU.Build.0 = Debug|Any CPU
		{26165387-1D36-4658-B93B-1A1B02F7C2EC}.Release|Any CPU.ActiveCfg = Release|Any CPU
		{26165387-1D36-4658-B93B-1A1B02F7C2EC}.Release|Any CPU.Build.0 = Release|Any CPU
	EndGlobalSection
	GlobalSection(SolutionProperties) = preSolution
		HideSolutionNode = FALSE
	EndGlobalSection
	GlobalSection(ExtensibilityGlobals) = postSolution
		SolutionGuid = {7E7C84D4-F2A7-4C1C-96C7-15CD0AFC2026}
	EndGlobalSection
EndGlobal
