
Microsoft Visual Studio Solution File, Format Version 12.00
# Visual Studio Version 17
VisualStudioVersion = 17.14.36429.23 d17.14
MinimumVisualStudioVersion = 10.0.40219.1
Project("{FAE04EC0-301F-11D3-BF4B-00C04F79EFBC}") = "Lab04", "Lab04.csproj", "{18FD5730-D607-4436-9E01-D935F9FB99AE}"
EndProject
Global
	GlobalSection(SolutionConfigurationPlatforms) = preSolution
		Debug|Any CPU = Debug|Any CPU
		Release|Any CPU = Release|Any CPU
	EndGlobalSection
	GlobalSection(ProjectConfigurationPlatforms) = postSolution
		{18FD5730-D607-4436-9E01-D935F9FB99AE}.Debug|Any CPU.ActiveCfg = Debug|Any CPU
		{18FD5730-D607-4436-9E01-D935F9FB99AE}.Debug|Any CPU.Build.0 = Debug|Any CPU
		{18FD5730-D607-4436-9E01-D935F9FB99AE}.Release|Any CPU.ActiveCfg = Release|Any CPU
		{18FD5730-D607-4436-9E01-D935F9FB99AE}.Release|Any CPU.Build.0 = Release|Any CPU
	EndGlobalSection
	GlobalSection(SolutionProperties) = preSolution
		HideSolutionNode = FALSE
	EndGlobalSection
	GlobalSection(ExtensibilityGlobals) = postSolution
		SolutionGuid = {34DB6A3B-2EAA-4125-B91C-5730C6A6BD96}
	EndGlobalSection
EndGlobal
